
Microsoft Visual Studio Solution File, Format Version 12.00
# Visual Studio Version 17
VisualStudioVersion = 17.14.37411.7 d17.14
MinimumVisualStudioVersion = 10.0.40219.1
Project("{FAE04EC0-301F-11D3-BF4B-00C04F79EFBC}") = "TelemetryDevice", "TelemetryDevice\TelemetryDevice.csproj", "{D1C2163E-CF6E-4B4C-8E7F-72A13EBF4C92}"
EndProject
Global
	GlobalSection(SolutionConfigurationPlatforms) = preSolution
		Debug|Any CPU = Debug|Any CPU
		Release|Any CPU = Release|Any CPU
	EndGlobalSection
	GlobalSection(ProjectConfigurationPlatforms) = postSolution
		{D1C2163E-CF6E-4B4C-8E7F-72A13EBF4C92}.Debug|Any CPU.ActiveCfg = Debug|Any CPU
		{D1C2163E-CF6E-4B4C-8E7F-72A13EBF4C92}.Debug|Any CPU.Build.0 = Debug|Any CPU
		{D1C2163E-CF6E-4B4C-8E7F-72A13EBF4C92}.Release|Any CPU.ActiveCfg = Release|Any CPU
		{D1C2163E-CF6E-4B4C-8E7F-72A13EBF4C92}.Release|Any CPU.Build.0 = Release|Any CPU
	EndGlobalSection
	GlobalSection(SolutionProperties) = preSolution
		HideSolutionNode = FALSE
	EndGlobalSection
	GlobalSection(ExtensibilityGlobals) = postSolution
		SolutionGuid = {41808482-A707-410C-9B3A-34ECFC4679A3}
	EndGlobalSection
EndGlobal
